
Microsoft Visual Studio Solution File, Format Version 12.00
# Visual Studio 15
VisualStudioVersion = 15.0.27004.2002
MinimumVisualStudioVersion = 10.0.40219.1
Project("{8BC9CEB8-8B4A-11D0-8D11-00A0C91BC942}") = "SA_TSP", "SA_TSP.vcxproj", "{38FFB3AE-9ADF-4FB2-9E2B-64CEBECA9DE3}"
EndProject
Global
	GlobalSection(SolutionConfigurationPlatforms) = preSolution
		Debug|Win32 = Debug|Win32
		Debug|x64 = Debug|x64
		Release|Win32 = Release|Win32
		Release|x64 = Release|x64
	EndGlobalSection
	GlobalSection(ProjectConfigurationPlatforms) = postSolution
		{38FFB3AE-9ADF-4FB2-9E2B-64CEBECA9DE3}.Debug|Win32.ActiveCfg = Debug|Win32
		{38FFB3AE-9ADF-4FB2-9E2B-64CEBECA9DE3}.Debug|Win32.Build.0 = Debug|Win32
		{38FFB3AE-9ADF-4FB2-9E2B-64CEBECA9DE3}.Debug|x64.ActiveCfg = Debug|x64
		{38FFB3AE-9ADF-4FB2-9E2B-64CEBECA9DE3}.Debug|x64.Build.0 = Debug|x64
		{38FFB3AE-9ADF-4FB2-9E2B-64CEBECA9DE3}.Release|Win32.ActiveCfg = Release|Win32
		{38FFB3AE-9ADF-4FB2-9E2B-64CEBECA9DE3}.Release|Win32.Build.0 = Release|Win32
		{38FFB3AE-9ADF-4FB2-9E2B-64CEBECA9DE3}.Release|x64.ActiveCfg = Release|x64
		{38FFB3AE-9ADF-4FB2-9E2B-64CEBECA9DE3}.Release|x64.Build.0 = Release|x64
	EndGlobalSection
	GlobalSection(SolutionProperties) = preSolution
		HideSolutionNode = FALSE
	EndGlobalSection
	GlobalSection(ExtensibilityGlobals) = postSolution
		SolutionGuid = {C8F12B83-CFDC-44E2-8E03-B63B836608BD}
	EndGlobalSection
EndGlobal
