
Microsoft Visual Studio Solution File, Format Version 12.00
# Visual Studio 15
VisualStudioVersion = 15.0.27004.2002
MinimumVisualStudioVersion = 10.0.40219.1
Project("{8BC9CEB8-8B4A-11D0-8D11-00A0C91BC942}") = "GATest", "GATest.vcxproj", "{F749AC78-D954-89B9-DE10-095605C0CDDC}"
EndProject
Global
	GlobalSection(SolutionConfigurationPlatforms) = preSolution
		Debug|Win32 = Debug|Win32
		Debug|x64 = Debug|x64
		Release|Win32 = Release|Win32
		Release|x64 = Release|x64
	EndGlobalSection
	GlobalSection(ProjectConfigurationPlatforms) = postSolution
		{F749AC78-D954-89B9-DE10-095605C0CDDC}.Debug|Win32.ActiveCfg = Debug|Win32
		{F749AC78-D954-89B9-DE10-095605C0CDDC}.Debug|Win32.Build.0 = Debug|Win32
		{F749AC78-D954-89B9-DE10-095605C0CDDC}.Debug|x64.ActiveCfg = Debug|x64
		{F749AC78-D954-89B9-DE10-095605C0CDDC}.Debug|x64.Build.0 = Debug|x64
		{F749AC78-D954-89B9-DE10-095605C0CDDC}.Release|Win32.ActiveCfg = Release|Win32
		{F749AC78-D954-89B9-DE10-095605C0CDDC}.Release|Win32.Build.0 = Release|Win32
		{F749AC78-D954-89B9-DE10-095605C0CDDC}.Release|x64.ActiveCfg = Release|x64
		{F749AC78-D954-89B9-DE10-095605C0CDDC}.Release|x64.Build.0 = Release|x64
	EndGlobalSection
	GlobalSection(SolutionProperties) = preSolution
		HideSolutionNode = FALSE
	EndGlobalSection
	GlobalSection(ExtensibilityGlobals) = postSolution
		SolutionGuid = {656057DA-DE8D-49CF-8BD3-76C49574B997}
	EndGlobalSection
EndGlobal
